{
  "name": "solr-proxy",
  "version": "1.1.2",
  "dependencies": {
    "http-proxy": {
      "version": "1.10.1",
      "from": "http-proxy@^1.10.1",
      "resolved": "https://registry.npmjs.org/http-proxy/-/http-proxy-1.10.1.tgz",
      "dependencies": {
        "eventemitter3": {
          "version": "0.1.6",
          "from": "eventemitter3@0.x.x",
          "resolved": "https://registry.npmjs.org/eventemitter3/-/eventemitter3-0.1.6.tgz"
        },
        "requires-port": {
          "version": "0.0.0",
          "from": "requires-port@0.x.x",
          "resolved": "https://registry.npmjs.org/requires-port/-/requires-port-0.0.0.tgz"
        }
      }
    },
    "minimist": {
      "version": "1.1.1",
      "from": "minimist@^1.1.1",
      "resolved": "https://registry.npmjs.org/minimist/-/minimist-1.1.1.tgz"
    },
    "xtend": {
      "version": "4.0.0",
      "from": "xtend@^4.0.0",
      "resolved": "https://registry.npmjs.org/xtend/-/xtend-4.0.0.tgz"
    }
  }
}
